# Generated by pub
# See https://www.dartlang.org/tools/pub/glossary#lockfile
packages:
  path:
    dependency: "direct main"
    description:
      name: path
      url: "https://pub.dartlang.org"
    source: hosted
    version: "1.5.1"
sdks:
  dart: ">=1.0.0 <=2.0.0-edge.acefe9c8da744d13b34fbae51ca64180397f0d1c"
